
Microsoft Visual Studio Solution File, Format Version 12.00
# Visual Studio Version 17
VisualStudioVersion = 17.10.34916.146
MinimumVisualStudioVersion = 10.0.40219.1
Project("{9A19103F-16F7-4668-BE54-9A1E7A4F7556}") = "WalletApi", "WalletApi\WalletApi.csproj", "{C5BBB333-1DBF-446E-9A52-61C146959818}"
EndProject
Project("{9A19103F-16F7-4668-BE54-9A1E7A4F7556}") = "Authentication", "Authentication\Authentication.csproj", "{5C2B00C4-9FE1-4BF4-9067-18D4727CA75C}"
EndProject
Project("{9A19103F-16F7-4668-BE54-9A1E7A4F7556}") = "AuthEntities", "AuthEntities\AuthEntities.csproj", "{E1BAE340-E904-464D-A84B-9AA728DF7E55}"
EndProject
Project("{9A19103F-16F7-4668-BE54-9A1E7A4F7556}") = "ExceptionHandling", "ExceptionHandling\ExceptionHandling.csproj", "{6671A5DE-C39A-4C2D-9466-560FD90E8B4C}"
EndProject
Project("{9A19103F-16F7-4668-BE54-9A1E7A4F7556}") = "Shared", "Shared\Shared.csproj", "{D1B01DFA-D936-4F73-860E-FA1A5375EB57}"
EndProject
Project("{E53339B2-1760-4266-BCC7-CA923CBCF16C}") = "docker-compose", "docker-compose.dcproj", "{2468B3CC-4E59-40B1-9D45-A5CF1A89E43C}"
EndProject
Project("{2150E333-8FDC-42A3-9474-1A3956D46DE8}") = "Infrastructure", "Infrastructure", "{4F382FF0-49ED-4F67-80BA-74757A4A0375}"
EndProject
Project("{9A19103F-16F7-4668-BE54-9A1E7A4F7556}") = "DatabaseControl", "DatabaseControl\DatabaseControl.csproj", "{81259582-10BA-4F71-A0C2-504E42DEDEF7}"
EndProject
Project("{9A19103F-16F7-4668-BE54-9A1E7A4F7556}") = "Resilience", "Resilience\Resilience.csproj", "{4C699246-65D2-4642-A8F3-B5E2BED4905B}"
EndProject
Project("{9A19103F-16F7-4668-BE54-9A1E7A4F7556}") = "WalletEntities", "WalletEntities\WalletEntities.csproj", "{14DF9E74-3033-4BD4-AC34-499355576D58}"
EndProject
Project("{2150E333-8FDC-42A3-9474-1A3956D46DE8}") = "UnitTests", "UnitTests", "{B6649F05-0B8C-4FA3-AF5F-7D3E1A180234}"
EndProject
Project("{FAE04EC0-301F-11D3-BF4B-00C04F79EFBC}") = "AuthenticationTests", "..\..\test\WalletApp.Backend.UnitTests\AuthenticationTests\AuthenticationTests.csproj", "{3DF9A97F-87C5-4B38-ACE4-8E9E236E10D4}"
EndProject
Project("{FAE04EC0-301F-11D3-BF4B-00C04F79EFBC}") = "DatabaseControlTests", "..\..\test\WalletApp.Backend.UnitTests\DatabaseControlTests\DatabaseControlTests.csproj", "{48865B32-A845-4E7F-8B5C-FD617B80E27C}"
EndProject
Project("{FAE04EC0-301F-11D3-BF4B-00C04F79EFBC}") = "ExceptionHandlingTests", "..\..\test\WalletApp.Backend.UnitTests\ExceptionHandlingTests\ExceptionHandlingTests.csproj", "{E7981773-9A26-4E7F-A9EC-FDE887493AE0}"
EndProject
Project("{FAE04EC0-301F-11D3-BF4B-00C04F79EFBC}") = "SharedTests", "..\..\test\WalletApp.Backend.UnitTests\SharedTests\SharedTests.csproj", "{3FC91382-E658-493E-97C0-55529382D864}"
EndProject
Project("{FAE04EC0-301F-11D3-BF4B-00C04F79EFBC}") = "WalletEntitiesTests", "..\..\test\WalletApp.Backend.UnitTests\WalletEntitiesTests\WalletEntitiesTests.csproj", "{5D4E25ED-E819-4281-AC40-0509630FE0D5}"
EndProject
Project("{FAE04EC0-301F-11D3-BF4B-00C04F79EFBC}") = "WalletApiTests", "..\..\test\WalletApp.Backend.UnitTests\WalletApiTests\WalletApiTests.csproj", "{F06AB717-D308-4CCB-A680-9AD004B66DC1}"
EndProject
Global
	GlobalSection(SolutionConfigurationPlatforms) = preSolution
		Debug|Any CPU = Debug|Any CPU
		Release|Any CPU = Release|Any CPU
	EndGlobalSection
	GlobalSection(ProjectConfigurationPlatforms) = postSolution
		{C5BBB333-1DBF-446E-9A52-61C146959818}.Debug|Any CPU.ActiveCfg = Debug|Any CPU
		{C5BBB333-1DBF-446E-9A52-61C146959818}.Debug|Any CPU.Build.0 = Debug|Any CPU
		{C5BBB333-1DBF-446E-9A52-61C146959818}.Release|Any CPU.ActiveCfg = Release|Any CPU
		{C5BBB333-1DBF-446E-9A52-61C146959818}.Release|Any CPU.Build.0 = Release|Any CPU
		{5C2B00C4-9FE1-4BF4-9067-18D4727CA75C}.Debug|Any CPU.ActiveCfg = Debug|Any CPU
		{5C2B00C4-9FE1-4BF4-9067-18D4727CA75C}.Debug|Any CPU.Build.0 = Debug|Any CPU
		{5C2B00C4-9FE1-4BF4-9067-18D4727CA75C}.Release|Any CPU.ActiveCfg = Release|Any CPU
		{5C2B00C4-9FE1-4BF4-9067-18D4727CA75C}.Release|Any CPU.Build.0 = Release|Any CPU
		{E1BAE340-E904-464D-A84B-9AA728DF7E55}.Debug|Any CPU.ActiveCfg = Debug|Any CPU
		{E1BAE340-E904-464D-A84B-9AA728DF7E55}.Debug|Any CPU.Build.0 = Debug|Any CPU
		{E1BAE340-E904-464D-A84B-9AA728DF7E55}.Release|Any CPU.ActiveCfg = Release|Any CPU
		{E1BAE340-E904-464D-A84B-9AA728DF7E55}.Release|Any CPU.Build.0 = Release|Any CPU
		{6671A5DE-C39A-4C2D-9466-560FD90E8B4C}.Debug|Any CPU.ActiveCfg = Debug|Any CPU
		{6671A5DE-C39A-4C2D-9466-560FD90E8B4C}.Debug|Any CPU.Build.0 = Debug|Any CPU
		{6671A5DE-C39A-4C2D-9466-560FD90E8B4C}.Release|Any CPU.ActiveCfg = Release|Any CPU
		{6671A5DE-C39A-4C2D-9466-560FD90E8B4C}.Release|Any CPU.Build.0 = Release|Any CPU
		{D1B01DFA-D936-4F73-860E-FA1A5375EB57}.Debug|Any CPU.ActiveCfg = Debug|Any CPU
		{D1B01DFA-D936-4F73-860E-FA1A5375EB57}.Debug|Any CPU.Build.0 = Debug|Any CPU
		{D1B01DFA-D936-4F73-860E-FA1A5375EB57}.Release|Any CPU.ActiveCfg = Release|Any CPU
		{D1B01DFA-D936-4F73-860E-FA1A5375EB57}.Release|Any CPU.Build.0 = Release|Any CPU
		{2468B3CC-4E59-40B1-9D45-A5CF1A89E43C}.Debug|Any CPU.ActiveCfg = Debug|Any CPU
		{2468B3CC-4E59-40B1-9D45-A5CF1A89E43C}.Debug|Any CPU.Build.0 = Debug|Any CPU
		{2468B3CC-4E59-40B1-9D45-A5CF1A89E43C}.Release|Any CPU.ActiveCfg = Release|Any CPU
		{2468B3CC-4E59-40B1-9D45-A5CF1A89E43C}.Release|Any CPU.Build.0 = Release|Any CPU
		{81259582-10BA-4F71-A0C2-504E42DEDEF7}.Debug|Any CPU.ActiveCfg = Debug|Any CPU
		{81259582-10BA-4F71-A0C2-504E42DEDEF7}.Debug|Any CPU.Build.0 = Debug|Any CPU
		{81259582-10BA-4F71-A0C2-504E42DEDEF7}.Release|Any CPU.ActiveCfg = Release|Any CPU
		{81259582-10BA-4F71-A0C2-504E42DEDEF7}.Release|Any CPU.Build.0 = Release|Any CPU
		{4C699246-65D2-4642-A8F3-B5E2BED4905B}.Debug|Any CPU.ActiveCfg = Debug|Any CPU
		{4C699246-65D2-4642-A8F3-B5E2BED4905B}.Debug|Any CPU.Build.0 = Debug|Any CPU
		{4C699246-65D2-4642-A8F3-B5E2BED4905B}.Release|Any CPU.ActiveCfg = Release|Any CPU
		{4C699246-65D2-4642-A8F3-B5E2BED4905B}.Release|Any CPU.Build.0 = Release|Any CPU
		{14DF9E74-3033-4BD4-AC34-499355576D58}.Debug|Any CPU.ActiveCfg = Debug|Any CPU
		{14DF9E74-3033-4BD4-AC34-499355576D58}.Debug|Any CPU.Build.0 = Debug|Any CPU
		{14DF9E74-3033-4BD4-AC34-499355576D58}.Release|Any CPU.ActiveCfg = Release|Any CPU
		{14DF9E74-3033-4BD4-AC34-499355576D58}.Release|Any CPU.Build.0 = Release|Any CPU
		{3DF9A97F-87C5-4B38-ACE4-8E9E236E10D4}.Debug|Any CPU.ActiveCfg = Debug|Any CPU
		{3DF9A97F-87C5-4B38-ACE4-8E9E236E10D4}.Debug|Any CPU.Build.0 = Debug|Any CPU
		{3DF9A97F-87C5-4B38-ACE4-8E9E236E10D4}.Release|Any CPU.ActiveCfg = Release|Any CPU
		{3DF9A97F-87C5-4B38-ACE4-8E9E236E10D4}.Release|Any CPU.Build.0 = Release|Any CPU
		{48865B32-A845-4E7F-8B5C-FD617B80E27C}.Debug|Any CPU.ActiveCfg = Debug|Any CPU
		{48865B32-A845-4E7F-8B5C-FD617B80E27C}.Debug|Any CPU.Build.0 = Debug|Any CPU
		{48865B32-A845-4E7F-8B5C-FD617B80E27C}.Release|Any CPU.ActiveCfg = Release|Any CPU
		{48865B32-A845-4E7F-8B5C-FD617B80E27C}.Release|Any CPU.Build.0 = Release|Any CPU
		{E7981773-9A26-4E7F-A9EC-FDE887493AE0}.Debug|Any CPU.ActiveCfg = Debug|Any CPU
		{E7981773-9A26-4E7F-A9EC-FDE887493AE0}.Debug|Any CPU.Build.0 = Debug|Any CPU
		{E7981773-9A26-4E7F-A9EC-FDE887493AE0}.Release|Any CPU.ActiveCfg = Release|Any CPU
		{E7981773-9A26-4E7F-A9EC-FDE887493AE0}.Release|Any CPU.Build.0 = Release|Any CPU
		{3FC91382-E658-493E-97C0-55529382D864}.Debug|Any CPU.ActiveCfg = Debug|Any CPU
		{3FC91382-E658-493E-97C0-55529382D864}.Debug|Any CPU.Build.0 = Debug|Any CPU
		{3FC91382-E658-493E-97C0-55529382D864}.Release|Any CPU.ActiveCfg = Release|Any CPU
		{3FC91382-E658-493E-97C0-55529382D864}.Release|Any CPU.Build.0 = Release|Any CPU
		{5D4E25ED-E819-4281-AC40-0509630FE0D5}.Debug|Any CPU.ActiveCfg = Debug|Any CPU
		{5D4E25ED-E819-4281-AC40-0509630FE0D5}.Debug|Any CPU.Build.0 = Debug|Any CPU
		{5D4E25ED-E819-4281-AC40-0509630FE0D5}.Release|Any CPU.ActiveCfg = Release|Any CPU
		{5D4E25ED-E819-4281-AC40-0509630FE0D5}.Release|Any CPU.Build.0 = Release|Any CPU
		{F06AB717-D308-4CCB-A680-9AD004B66DC1}.Debug|Any CPU.ActiveCfg = Debug|Any CPU
		{F06AB717-D308-4CCB-A680-9AD004B66DC1}.Debug|Any CPU.Build.0 = Debug|Any CPU
		{F06AB717-D308-4CCB-A680-9AD004B66DC1}.Release|Any CPU.ActiveCfg = Release|Any CPU
		{F06AB717-D308-4CCB-A680-9AD004B66DC1}.Release|Any CPU.Build.0 = Release|Any CPU
	EndGlobalSection
	GlobalSection(SolutionProperties) = preSolution
		HideSolutionNode = FALSE
	EndGlobalSection
	GlobalSection(NestedProjects) = preSolution
		{5C2B00C4-9FE1-4BF4-9067-18D4727CA75C} = {4F382FF0-49ED-4F67-80BA-74757A4A0375}
		{E1BAE340-E904-464D-A84B-9AA728DF7E55} = {4F382FF0-49ED-4F67-80BA-74757A4A0375}
		{6671A5DE-C39A-4C2D-9466-560FD90E8B4C} = {4F382FF0-49ED-4F67-80BA-74757A4A0375}
		{D1B01DFA-D936-4F73-860E-FA1A5375EB57} = {4F382FF0-49ED-4F67-80BA-74757A4A0375}
		{81259582-10BA-4F71-A0C2-504E42DEDEF7} = {4F382FF0-49ED-4F67-80BA-74757A4A0375}
		{4C699246-65D2-4642-A8F3-B5E2BED4905B} = {4F382FF0-49ED-4F67-80BA-74757A4A0375}
		{14DF9E74-3033-4BD4-AC34-499355576D58} = {4F382FF0-49ED-4F67-80BA-74757A4A0375}
		{3DF9A97F-87C5-4B38-ACE4-8E9E236E10D4} = {B6649F05-0B8C-4FA3-AF5F-7D3E1A180234}
		{48865B32-A845-4E7F-8B5C-FD617B80E27C} = {B6649F05-0B8C-4FA3-AF5F-7D3E1A180234}
		{E7981773-9A26-4E7F-A9EC-FDE887493AE0} = {B6649F05-0B8C-4FA3-AF5F-7D3E1A180234}
		{3FC91382-E658-493E-97C0-55529382D864} = {B6649F05-0B8C-4FA3-AF5F-7D3E1A180234}
		{5D4E25ED-E819-4281-AC40-0509630FE0D5} = {B6649F05-0B8C-4FA3-AF5F-7D3E1A180234}
		{F06AB717-D308-4CCB-A680-9AD004B66DC1} = {B6649F05-0B8C-4FA3-AF5F-7D3E1A180234}
	EndGlobalSection
	GlobalSection(ExtensibilityGlobals) = postSolution
		SolutionGuid = {BACA8B9F-0AFA-4322-86DB-A7E6BEF262E7}
	EndGlobalSection
EndGlobal
